
Microsoft Visual Studio Solution File, Format Version 12.00
# Visual Studio Version 17
VisualStudioVersion = 17.14.36414.22 d17.14
MinimumVisualStudioVersion = 10.0.40219.1
Project("{FAE04EC0-301F-11D3-BF4B-00C04F79EFBC}") = "Server", "Server\Server.csproj", "{2169DFD8-178D-4BC0-BEA4-7EAF144CD845}"
EndProject
Project("{FAE04EC0-301F-11D3-BF4B-00C04F79EFBC}") = "Client", "Client\Client.csproj", "{45BA3B53-5044-4330-AC26-C90134209062}"
EndProject
Project("{FAE04EC0-301F-11D3-BF4B-00C04F79EFBC}") = "BaseLibrary", "BaseLibrary\BaseLibrary.csproj", "{194D8927-D2DB-423E-A0B9-DDE95AD93538}"
EndProject
Project("{FAE04EC0-301F-11D3-BF4B-00C04F79EFBC}") = "ClientLibrary", "ClientLibrary\ClientLibrary.csproj", "{62591383-4E30-4BA3-AD74-6464ED62B30A}"
EndProject
Project("{FAE04EC0-301F-11D3-BF4B-00C04F79EFBC}") = "ServerLibrary", "ServerLibrary\ServerLibrary.csproj", "{330DAADA-835A-4CD9-85DA-1A30C70295F9}"
EndProject
Global
	GlobalSection(SolutionConfigurationPlatforms) = preSolution
		Debug|Any CPU = Debug|Any CPU
		Release|Any CPU = Release|Any CPU
	EndGlobalSection
	GlobalSection(ProjectConfigurationPlatforms) = postSolution
		{2169DFD8-178D-4BC0-BEA4-7EAF144CD845}.Debug|Any CPU.ActiveCfg = Debug|Any CPU
		{2169DFD8-178D-4BC0-BEA4-7EAF144CD845}.Debug|Any CPU.Build.0 = Debug|Any CPU
		{2169DFD8-178D-4BC0-BEA4-7EAF144CD845}.Release|Any CPU.ActiveCfg = Release|Any CPU
		{2169DFD8-178D-4BC0-BEA4-7EAF144CD845}.Release|Any CPU.Build.0 = Release|Any CPU
		{45BA3B53-5044-4330-AC26-C90134209062}.Debug|Any CPU.ActiveCfg = Debug|Any CPU
		{45BA3B53-5044-4330-AC26-C90134209062}.Debug|Any CPU.Build.0 = Debug|Any CPU
		{45BA3B53-5044-4330-AC26-C90134209062}.Release|Any CPU.ActiveCfg = Release|Any CPU
		{45BA3B53-5044-4330-AC26-C90134209062}.Release|Any CPU.Build.0 = Release|Any CPU
		{194D8927-D2DB-423E-A0B9-DDE95AD93538}.Debug|Any CPU.ActiveCfg = Debug|Any CPU
		{194D8927-D2DB-423E-A0B9-DDE95AD93538}.Debug|Any CPU.Build.0 = Debug|Any CPU
		{194D8927-D2DB-423E-A0B9-DDE95AD93538}.Release|Any CPU.ActiveCfg = Release|Any CPU
		{194D8927-D2DB-423E-A0B9-DDE95AD93538}.Release|Any CPU.Build.0 = Release|Any CPU
		{62591383-4E30-4BA3-AD74-6464ED62B30A}.Debug|Any CPU.ActiveCfg = Debug|Any CPU
		{62591383-4E30-4BA3-AD74-6464ED62B30A}.Debug|Any CPU.Build.0 = Debug|Any CPU
		{62591383-4E30-4BA3-AD74-6464ED62B30A}.Release|Any CPU.ActiveCfg = Release|Any CPU
		{62591383-4E30-4BA3-AD74-6464ED62B30A}.Release|Any CPU.Build.0 = Release|Any CPU
		{330DAADA-835A-4CD9-85DA-1A30C70295F9}.Debug|Any CPU.ActiveCfg = Debug|Any CPU
		{330DAADA-835A-4CD9-85DA-1A30C70295F9}.Debug|Any CPU.Build.0 = Debug|Any CPU
		{330DAADA-835A-4CD9-85DA-1A30C70295F9}.Release|Any CPU.ActiveCfg = Release|Any CPU
		{330DAADA-835A-4CD9-85DA-1A30C70295F9}.Release|Any CPU.Build.0 = Release|Any CPU
	EndGlobalSection
	GlobalSection(SolutionProperties) = preSolution
		HideSolutionNode = FALSE
	EndGlobalSection
	GlobalSection(ExtensibilityGlobals) = postSolution
		SolutionGuid = {E147B673-6684-4ADD-BC21-B47223EC5E4A}
	EndGlobalSection
EndGlobal
